
Microsoft Visual Studio Solution File, Format Version 12.00
# Visual Studio 2013
VisualStudioVersion = 12.0.30501.0
MinimumVisualStudioVersion = 10.0.40219.1
Project("{FAE04EC0-301F-11D3-BF4B-00C04F79EFBC}") = "Xna2DLib", "Xna2DLib\Xna2DLib.csproj", "{84450200-B63B-4F0D-A946-CC36A697A0D7}"
EndProject
Project("{FAE04EC0-301F-11D3-BF4B-00C04F79EFBC}") = "TestGame", "TestGame\TestGame\TestGame.csproj", "{7E0AC701-16D5-4E4E-B0B9-DF2D62F07D5B}"
EndProject
Project("{96E2B04D-8817-42C6-938A-82C39BA4D311}") = "TestGameContent", "TestGame\TestGameContent\TestGameContent.contentproj", "{449A121C-2934-47B9-8E7C-9C48E93F4F32}"
EndProject
Global
	GlobalSection(SolutionConfigurationPlatforms) = preSolution
		Debug|x86 = Debug|x86
		Release|x86 = Release|x86
	EndGlobalSection
	GlobalSection(ProjectConfigurationPlatforms) = postSolution
		{84450200-B63B-4F0D-A946-CC36A697A0D7}.Debug|x86.ActiveCfg = Debug|x86
		{84450200-B63B-4F0D-A946-CC36A697A0D7}.Debug|x86.Build.0 = Debug|x86
		{84450200-B63B-4F0D-A946-CC36A697A0D7}.Release|x86.ActiveCfg = Release|x86
		{84450200-B63B-4F0D-A946-CC36A697A0D7}.Release|x86.Build.0 = Release|x86
		{7E0AC701-16D5-4E4E-B0B9-DF2D62F07D5B}.Debug|x86.ActiveCfg = Debug|x86
		{7E0AC701-16D5-4E4E-B0B9-DF2D62F07D5B}.Debug|x86.Build.0 = Debug|x86
		{7E0AC701-16D5-4E4E-B0B9-DF2D62F07D5B}.Release|x86.ActiveCfg = Release|x86
		{7E0AC701-16D5-4E4E-B0B9-DF2D62F07D5B}.Release|x86.Build.0 = Release|x86
		{449A121C-2934-47B9-8E7C-9C48E93F4F32}.Debug|x86.ActiveCfg = Debug|x86
		{449A121C-2934-47B9-8E7C-9C48E93F4F32}.Release|x86.ActiveCfg = Release|x86
	EndGlobalSection
	GlobalSection(SolutionProperties) = preSolution
		HideSolutionNode = FALSE
	EndGlobalSection
EndGlobal
